# THIS IS AN AUTOGENERATED FILE. DO NOT EDIT THIS FILE DIRECTLY.
# yarn lockfile v1


eslint-config-prettier@^2.2.0:
  version "2.2.0"
  resolved "https://registry.yarnpkg.com/eslint-config-prettier/-/eslint-config-prettier-2.2.0.tgz#ca47663852789a75c10feba673e802cc1eff085f"
  dependencies:
    get-stdin "^5.0.1"

eslint-plugin-prettier@^2.1.2:
  version "2.1.2"
  resolved "https://registry.yarnpkg.com/eslint-plugin-prettier/-/eslint-plugin-prettier-2.1.2.tgz#4b90f4ee7f92bfbe2e926017e1ca40eb628965ea"
  dependencies:
    fast-diff "^1.1.1"
    jest-docblock "^20.0.1"

fast-diff@^1.1.1:
  version "1.1.1"
  resolved "https://registry.yarnpkg.com/fast-diff/-/fast-diff-1.1.1.tgz#0aea0e4e605b6a2189f0e936d4b7fbaf1b7cfd9b"

get-stdin@^5.0.1:
  version "5.0.1"
  resolved "https://registry.yarnpkg.com/get-stdin/-/get-stdin-5.0.1.tgz#122e161591e21ff4c52530305693f20e6393a398"

jest-docblock@^20.0.1:
  version "20.0.3"
  resolved "https://registry.yarnpkg.com/jest-docblock/-/jest-docblock-20.0.3.tgz#17bea984342cc33d83c50fbe1545ea0efaa44712"
